
Microsoft Visual Studio Solution File, Format Version 12.00
# Visual Studio Version 17
VisualStudioVersion = 17.4.33205.214
MinimumVisualStudioVersion = 10.0.40219.1
Project("{FAE04EC0-301F-11D3-BF4B-00C04F79EFBC}") = "ConvertANDInsertImage", "ConvertANDInsertImage\ConvertANDInsertImage.csproj", "{0B4269B6-E8CD-429D-BF7D-16DFAEC7CEF2}"
EndProject
Global
	GlobalSection(SolutionConfigurationPlatforms) = preSolution
		Debug|Any CPU = Debug|Any CPU
		Release|Any CPU = Release|Any CPU
	EndGlobalSection
	GlobalSection(ProjectConfigurationPlatforms) = postSolution
		{0B4269B6-E8CD-429D-BF7D-16DFAEC7CEF2}.Debug|Any CPU.ActiveCfg = Debug|Any CPU
		{0B4269B6-E8CD-429D-BF7D-16DFAEC7CEF2}.Debug|Any CPU.Build.0 = Debug|Any CPU
		{0B4269B6-E8CD-429D-BF7D-16DFAEC7CEF2}.Release|Any CPU.ActiveCfg = Release|Any CPU
		{0B4269B6-E8CD-429D-BF7D-16DFAEC7CEF2}.Release|Any CPU.Build.0 = Release|Any CPU
	EndGlobalSection
	GlobalSection(SolutionProperties) = preSolution
		HideSolutionNode = FALSE
	EndGlobalSection
	GlobalSection(ExtensibilityGlobals) = postSolution
		SolutionGuid = {98D5E44D-FAE3-4015-B1D5-8890D7BF2B11}
	EndGlobalSection
EndGlobal
